# THIS IS AN AUTOGENERATED FILE. DO NOT EDIT THIS FILE DIRECTLY.
# yarn lockfile v1


pako@1.0.3:
  version "1.0.3"
  resolved "https://registry.yarnpkg.com/pako/-/pako-1.0.3.tgz#5f515b0c6722e1982920ae8005eacb0b7ca73ccf"

plantuml-encoder@^1.2.5:
  version "1.2.5"
  resolved "https://registry.yarnpkg.com/plantuml-encoder/-/plantuml-encoder-1.2.5.tgz#6b8e5b9e1a1dbd88b3fd9fb46f734eec7d44b548"
  dependencies:
    pako "1.0.3"
    utf8-bytes "0.0.1"

utf8-bytes@0.0.1:
  version "0.0.1"
  resolved "https://registry.yarnpkg.com/utf8-bytes/-/utf8-bytes-0.0.1.tgz#116b025448c9b500081cdfbf1f4d6c6c37d8837d"
